Microsoft Visual Studio Solution File, Format Version 11.00
# Visual Studio 2008

Project("{68BE4837-F6C7-3987-7233-E527A996DD00}") = "Merge", "Assembly-CSharp-firstpass.csproj", "{74210636-84C3-CE19-6E6C-FEC3D2C863F8}"
EndProject
Project("{68BE4837-F6C7-3987-7233-E527A996DD00}") = "Merge", "Assembly-CSharp.csproj", "{79B5BA8C-09C8-7EDA-6EDB-8FCA050CEA17}"
EndProject
Project("{68BE4837-F6C7-3987-7233-E527A996DD00}") = "Merge", "Assembly-CSharp-Editor.csproj", "{0A9F2F41-FBEA-42D8-10D6-878B08BDE0D7}"
EndProject
Project("{68BE4837-F6C7-3987-7233-E527A996DD00}") = "Merge", "Assembly-UnityScript-firstpass.unityproj", "{83951DC6-B3DC-A57D-4781-26A2F4B5AAB6}"
EndProject
Project("{68BE4837-F6C7-3987-7233-E527A996DD00}") = "Merge", "Assembly-UnityScript.unityproj", "{4A0B86A3-4B13-0CC1-3824-C1D8AE4AD5C5}"
EndProject
Project("{68BE4837-F6C7-3987-7233-E527A996DD00}") = "Merge", "Assembly-UnityScript-Editor.unityproj", "{F54E2FDC-52B9-D635-1975-8DBA6F2377BB}"
EndProject
Global
	GlobalSection(SolutionConfigurationPlatforms) = preSolution
		Debug|Any CPU = Debug|Any CPU
		Release|Any CPU = Release|Any CPU
	EndGlobalSection
	GlobalSection(ProjectConfigurationPlatforms) = postSolution
		{74210636-84C3-CE19-6E6C-FEC3D2C863F8}.Debug|Any CPU.ActiveCfg = Debug|Any CPU
		{74210636-84C3-CE19-6E6C-FEC3D2C863F8}.Debug|Any CPU.Build.0 = Debug|Any CPU
		{74210636-84C3-CE19-6E6C-FEC3D2C863F8}.Release|Any CPU.ActiveCfg = Release|Any CPU
		{74210636-84C3-CE19-6E6C-FEC3D2C863F8}.Release|Any CPU.Build.0 = Release|Any CPU
		{79B5BA8C-09C8-7EDA-6EDB-8FCA050CEA17}.Debug|Any CPU.ActiveCfg = Debug|Any CPU
		{79B5BA8C-09C8-7EDA-6EDB-8FCA050CEA17}.Debug|Any CPU.Build.0 = Debug|Any CPU
		{79B5BA8C-09C8-7EDA-6EDB-8FCA050CEA17}.Release|Any CPU.ActiveCfg = Release|Any CPU
		{79B5BA8C-09C8-7EDA-6EDB-8FCA050CEA17}.Release|Any CPU.Build.0 = Release|Any CPU
		{0A9F2F41-FBEA-42D8-10D6-878B08BDE0D7}.Debug|Any CPU.ActiveCfg = Debug|Any CPU
		{0A9F2F41-FBEA-42D8-10D6-878B08BDE0D7}.Debug|Any CPU.Build.0 = Debug|Any CPU
		{0A9F2F41-FBEA-42D8-10D6-878B08BDE0D7}.Release|Any CPU.ActiveCfg = Release|Any CPU
		{0A9F2F41-FBEA-42D8-10D6-878B08BDE0D7}.Release|Any CPU.Build.0 = Release|Any CPU
		{83951DC6-B3DC-A57D-4781-26A2F4B5AAB6}.Debug|Any CPU.ActiveCfg = Debug|Any CPU
		{83951DC6-B3DC-A57D-4781-26A2F4B5AAB6}.Debug|Any CPU.Build.0 = Debug|Any CPU
		{83951DC6-B3DC-A57D-4781-26A2F4B5AAB6}.Release|Any CPU.ActiveCfg = Release|Any CPU
		{83951DC6-B3DC-A57D-4781-26A2F4B5AAB6}.Release|Any CPU.Build.0 = Release|Any CPU
		{4A0B86A3-4B13-0CC1-3824-C1D8AE4AD5C5}.Debug|Any CPU.ActiveCfg = Debug|Any CPU
		{4A0B86A3-4B13-0CC1-3824-C1D8AE4AD5C5}.Debug|Any CPU.Build.0 = Debug|Any CPU
		{4A0B86A3-4B13-0CC1-3824-C1D8AE4AD5C5}.Release|Any CPU.ActiveCfg = Release|Any CPU
		{4A0B86A3-4B13-0CC1-3824-C1D8AE4AD5C5}.Release|Any CPU.Build.0 = Release|Any CPU
		{F54E2FDC-52B9-D635-1975-8DBA6F2377BB}.Debug|Any CPU.ActiveCfg = Debug|Any CPU
		{F54E2FDC-52B9-D635-1975-8DBA6F2377BB}.Debug|Any CPU.Build.0 = Debug|Any CPU
		{F54E2FDC-52B9-D635-1975-8DBA6F2377BB}.Release|Any CPU.ActiveCfg = Release|Any CPU
		{F54E2FDC-52B9-D635-1975-8DBA6F2377BB}.Release|Any CPU.Build.0 = Release|Any CPU
	EndGlobalSection
	GlobalSection(SolutionProperties) = preSolution
		HideSolutionNode = FALSE
	EndGlobalSection
																				GlobalSection(MonoDevelopProperties) = preSolution
		StartupItem = Assembly-CSharp.csproj
		Policies = $0
		$0.TextStylePolicy = $1
		$1.inheritsSet = null
		$1.scope = text/x-csharp
		$0.CSharpFormattingPolicy = $2
		$2.inheritsSet = Mono
		$2.inheritsScope = text/x-csharp
		$2.scope = text/x-csharp
		$0.TextStylePolicy = $3
		$3.FileWidth = 120
		$3.TabWidth = 4
		$3.EolMarker = Unix
		$3.inheritsSet = Mono
		$3.inheritsScope = text/plain
		$3.scope = text/plain
	EndGlobalSection

EndGlobal
