Microsoft Visual Studio Solution File, Format Version 11.00
# Visual Studio 2008

Project("{096AB1E2-DD83-E6F7-30E8-52A56EC27A4E}") = "Merge v02", "Assembly-CSharp-firstpass.csproj", "{2523AEB6-2386-7894-D7BB-15209FCFCA43}"
EndProject
Project("{096AB1E2-DD83-E6F7-30E8-52A56EC27A4E}") = "Merge v02", "Assembly-CSharp.csproj", "{26381085-1B6E-2B45-2BE7-24DBF818B544}"
EndProject
Project("{096AB1E2-DD83-E6F7-30E8-52A56EC27A4E}") = "Merge v02", "Assembly-UnityScript-firstpass.unityproj", "{D77BAD1C-AA5C-7BAE-9C4E-C8339D63D0D4}"
EndProject
Project("{096AB1E2-DD83-E6F7-30E8-52A56EC27A4E}") = "Merge v02", "Assembly-UnityScript.unityproj", "{E842681D-9639-08C3-962A-608E0A7687A1}"
EndProject
Global
	GlobalSection(SolutionConfigurationPlatforms) = preSolution
		Debug|Any CPU = Debug|Any CPU
		Release|Any CPU = Release|Any CPU
	EndGlobalSection
	GlobalSection(ProjectConfigurationPlatforms) = postSolution
		{2523AEB6-2386-7894-D7BB-15209FCFCA43}.Debug|Any CPU.ActiveCfg = Debug|Any CPU
		{2523AEB6-2386-7894-D7BB-15209FCFCA43}.Debug|Any CPU.Build.0 = Debug|Any CPU
		{2523AEB6-2386-7894-D7BB-15209FCFCA43}.Release|Any CPU.ActiveCfg = Release|Any CPU
		{2523AEB6-2386-7894-D7BB-15209FCFCA43}.Release|Any CPU.Build.0 = Release|Any CPU
		{26381085-1B6E-2B45-2BE7-24DBF818B544}.Debug|Any CPU.ActiveCfg = Debug|Any CPU
		{26381085-1B6E-2B45-2BE7-24DBF818B544}.Debug|Any CPU.Build.0 = Debug|Any CPU
		{26381085-1B6E-2B45-2BE7-24DBF818B544}.Release|Any CPU.ActiveCfg = Release|Any CPU
		{26381085-1B6E-2B45-2BE7-24DBF818B544}.Release|Any CPU.Build.0 = Release|Any CPU
		{D77BAD1C-AA5C-7BAE-9C4E-C8339D63D0D4}.Debug|Any CPU.ActiveCfg = Debug|Any CPU
		{D77BAD1C-AA5C-7BAE-9C4E-C8339D63D0D4}.Debug|Any CPU.Build.0 = Debug|Any CPU
		{D77BAD1C-AA5C-7BAE-9C4E-C8339D63D0D4}.Release|Any CPU.ActiveCfg = Release|Any CPU
		{D77BAD1C-AA5C-7BAE-9C4E-C8339D63D0D4}.Release|Any CPU.Build.0 = Release|Any CPU
		{E842681D-9639-08C3-962A-608E0A7687A1}.Debug|Any CPU.ActiveCfg = Debug|Any CPU
		{E842681D-9639-08C3-962A-608E0A7687A1}.Debug|Any CPU.Build.0 = Debug|Any CPU
		{E842681D-9639-08C3-962A-608E0A7687A1}.Release|Any CPU.ActiveCfg = Release|Any CPU
		{E842681D-9639-08C3-962A-608E0A7687A1}.Release|Any CPU.Build.0 = Release|Any CPU
	EndGlobalSection
	GlobalSection(SolutionProperties) = preSolution
		HideSolutionNode = FALSE
	EndGlobalSection
																	GlobalSection(MonoDevelopProperties) = preSolution
		StartupItem = Assembly-CSharp.csproj
		Policies = $0
		$0.TextStylePolicy = $1
		$1.inheritsSet = null
		$1.scope = text/x-csharp
		$0.CSharpFormattingPolicy = $2
		$2.inheritsSet = Mono
		$2.inheritsScope = text/x-csharp
		$2.scope = text/x-csharp
		$0.TextStylePolicy = $3
		$3.FileWidth = 120
		$3.TabWidth = 4
		$3.EolMarker = Unix
		$3.inheritsSet = Mono
		$3.inheritsScope = text/plain
		$3.scope = text/plain
	EndGlobalSection

EndGlobal
